
Microsoft Visual Studio Solution File, Format Version 12.00
# Visual Studio 15
VisualStudioVersion = 15.0.27703.2000
MinimumVisualStudioVersion = 10.0.40219.1
Project("{FAE04EC0-301F-11D3-BF4B-00C04F79EFBC}") = "StringCalculator", "StringCalculator\StringCalculator.csproj", "{04FB313E-5CD1-4E04-A137-054E5FBCCEF0}"
EndProject
Global
	GlobalSection(SolutionConfigurationPlatforms) = preSolution
		Debug|Any CPU = Debug|Any CPU
		Release|Any CPU = Release|Any CPU
	EndGlobalSection
	GlobalSection(ProjectConfigurationPlatforms) = postSolution
		{04FB313E-5CD1-4E04-A137-054E5FBCCEF0}.Debug|Any CPU.ActiveCfg = Debug|Any CPU
		{04FB313E-5CD1-4E04-A137-054E5FBCCEF0}.Debug|Any CPU.Build.0 = Debug|Any CPU
		{04FB313E-5CD1-4E04-A137-054E5FBCCEF0}.Release|Any CPU.ActiveCfg = Release|Any CPU
		{04FB313E-5CD1-4E04-A137-054E5FBCCEF0}.Release|Any CPU.Build.0 = Release|Any CPU
	EndGlobalSection
	GlobalSection(SolutionProperties) = preSolution
		HideSolutionNode = FALSE
	EndGlobalSection
	GlobalSection(ExtensibilityGlobals) = postSolution
		SolutionGuid = {35D85E1A-596B-4CB4-988F-A1F29D023E84}
	EndGlobalSection
EndGlobal
